
Microsoft Visual Studio Solution File, Format Version 12.00
# Visual Studio Version 16
VisualStudioVersion = 16.0.29609.76
MinimumVisualStudioVersion = 10.0.40219.1
Project("{FAE04EC0-301F-11D3-BF4B-00C04F79EFBC}") = "DotNET", "DotNET.csproj", "{2F1CCC7C-F336-48B0-81FB-F2D7A2A670A2}"
EndProject
Project("{FAE04EC0-301F-11D3-BF4B-00C04F79EFBC}") = "EncryptionApp", "..\EncryptionApp\EncryptionApp.csproj", "{F220EE92-6ECA-4E56-AA44-88A5EE0703FD}"
	ProjectSection(ProjectDependencies) = postProject
		{0368071D-2F56-4534-B17D-696057864B5B} = {0368071D-2F56-4534-B17D-696057864B5B}
	EndProjectSection
EndProject
Project("{FAE04EC0-301F-11D3-BF4B-00C04F79EFBC}") = "CryptographyLib", "..\CryptographyLib\CryptographyLib.csproj", "{0368071D-2F56-4534-B17D-696057864B5B}"
EndProject
Global
	GlobalSection(SolutionConfigurationPlatforms) = preSolution
		Debug|Any CPU = Debug|Any CPU
		Release|Any CPU = Release|Any CPU
	EndGlobalSection
	GlobalSection(ProjectConfigurationPlatforms) = postSolution
		{2F1CCC7C-F336-48B0-81FB-F2D7A2A670A2}.Debug|Any CPU.ActiveCfg = Debug|Any CPU
		{2F1CCC7C-F336-48B0-81FB-F2D7A2A670A2}.Debug|Any CPU.Build.0 = Debug|Any CPU
		{2F1CCC7C-F336-48B0-81FB-F2D7A2A670A2}.Release|Any CPU.ActiveCfg = Release|Any CPU
		{2F1CCC7C-F336-48B0-81FB-F2D7A2A670A2}.Release|Any CPU.Build.0 = Release|Any CPU
		{F220EE92-6ECA-4E56-AA44-88A5EE0703FD}.Debug|Any CPU.ActiveCfg = Debug|Any CPU
		{F220EE92-6ECA-4E56-AA44-88A5EE0703FD}.Debug|Any CPU.Build.0 = Debug|Any CPU
		{F220EE92-6ECA-4E56-AA44-88A5EE0703FD}.Release|Any CPU.ActiveCfg = Release|Any CPU
		{F220EE92-6ECA-4E56-AA44-88A5EE0703FD}.Release|Any CPU.Build.0 = Release|Any CPU
		{0368071D-2F56-4534-B17D-696057864B5B}.Debug|Any CPU.ActiveCfg = Debug|Any CPU
		{0368071D-2F56-4534-B17D-696057864B5B}.Debug|Any CPU.Build.0 = Debug|Any CPU
		{0368071D-2F56-4534-B17D-696057864B5B}.Release|Any CPU.ActiveCfg = Release|Any CPU
		{0368071D-2F56-4534-B17D-696057864B5B}.Release|Any CPU.Build.0 = Release|Any CPU
	EndGlobalSection
	GlobalSection(SolutionProperties) = preSolution
		HideSolutionNode = FALSE
	EndGlobalSection
	GlobalSection(ExtensibilityGlobals) = postSolution
		SolutionGuid = {0D4A749F-7639-4EFC-89E7-C4DA13B7089D}
	EndGlobalSection
EndGlobal
